// !$*UTF8*$!
{
	archiveVersion = 1;
	classes = {
	};
	objectVersion = 46;
	objects = {

/* Begin PBXBuildFile section */
		450962CB19B82099008DA915 /* main.m in Sources */ = {isa = PBXBuildFile; fileRef = 450962CA19B82099008DA915 /* main.m */; };
		450962CE19B82099008DA915 /* AppDelegate.m in Sources */ = {isa = PBXBuildFile; fileRef = 450962CD19B82099008DA915 /* AppDelegate.m */; };
		450962D119B82099008DA915 /* ViewController.m in Sources */ = {isa = PBXBuildFile; fileRef = 450962D019B82099008DA915 /* ViewController.m */; };
		450962D419B82099008DA915 /* Main.storyboard in Resources */ = {isa = PBXBuildFile; fileRef = 450962D219B82099008DA915 /* Main.storyboard */; };
		450962D619B82099008DA915 /* Images.xcassets in Resources */ = {isa = PBXBuildFile; fileRef = 450962D519B82099008DA915 /* Images.xcassets */; };
		450962E219B82099008DA915 /* tipTests.m in Sources */ = {isa = PBXBuildFile; fileRef = 450962E119B82099008DA915 /* tipTests.m */; };
		45BAD5FE19BEBF07004E07FC /* SettingsViewController.m in Sources */ = {isa = PBXBuildFile; fileRef = 45BAD5FD19BEBF07004E07FC /* SettingsViewController.m */; };
/* End PBXBuildFile section */

/* Begin PBXContainerItemProxy section */
		450962DC19B82099008DA915 /* PBXContainerItemProxy */ = {
			isa = PBXContainerItemProxy;
			containerPortal = 450962BD19B82099008DA915 /* Project object */;
			proxyType = 1;
			remoteGlobalIDString = 450962C419B82099008DA915;
			remoteInfo = tip;
		};
/* End PBXContainerItemProxy section */

/* Begin PBXFileReference section */
		450962C519B82099008DA915 /* tip.app */ = {isa = PBXFileReference; explicitFileType = wrapper.application; includeInIndex = 0; path = tip.app; sourceTree = BUILT_PRODUCTS_DIR; };
		450962C919B82099008DA915 /* Info.plist */ = {isa = PBXFileReference; lastKnownFileType = text.plist.xml; path = Info.plist; sourceTree = "<group>"; };
		450962CA19B82099008DA915 /* main.m */ = {isa = PBXFileReference; lastKnownFileType = sourcecode.c.objc; path = main.m; sourceTree = "<group>"; };
		450962CC19B82099008DA915 /* AppDelegate.h */ = {isa = PBXFileReference; lastKnownFileType = sourcecode.c.h; path = AppDelegate.h; sourceTree = "<group>"; };
		450962CD19B82099008DA915 /* AppDelegate.m */ = {isa = PBXFileReference; lastKnownFileType = sourcecode.c.objc; path = AppDelegate.m; sourceTree = "<group>"; };
		450962CF19B82099008DA915 /* ViewController.h */ = {isa = PBXFileReference; lastKnownFileType = sourcecode.c.h; path = ViewController.h; sourceTree = "<group>"; };
		450962D019B82099008DA915 /* ViewController.m */ = {isa = PBXFileReference; lastKnownFileType = sourcecode.c.objc; path = ViewController.m; sourceTree = "<group>"; };
		450962D319B82099008DA915 /* Base */ = {isa = PBXFileReference; lastKnownFileType = file.storyboard; name = Base; path = Base.lproj/Main.storyboard; sourceTree = "<group>"; };
		450962D519B82099008DA915 /* Images.xcassets */ = {isa = PBXFileReference; lastKnownFileType = folder.assetcatalog; path = Images.xcassets; sourceTree = "<group>"; };
		450962DB19B82099008DA915 /* tipTests.xctest */ = {isa = PBXFileReference; explicitFileType = wrapper.cfbundle; includeInIndex = 0; path = tipTests.xctest; sourceTree = BUILT_PRODUCTS_DIR; };
		450962E019B82099008DA915 /* Info.plist */ = {isa = PBXFileReference; lastKnownFileType = text.plist.xml; path = Info.plist; sourceTree = "<group>"; };
		450962E119B82099008DA915 /* tipTests.m */ = {isa = PBXFileReference; lastKnownFileType = sourcecode.c.objc; path = tipTests.m; sourceTree = "<group>"; };
		45BAD5FC19BEBF07004E07FC /* SettingsViewController.h */ = {isa = PBXFileReference; fileEncoding = 4; lastKnownFileType = sourcecode.c.h; path = SettingsViewController.h; sourceTree = "<group>"; };
		45BAD5FD19BEBF07004E07FC /* SettingsViewController.m */ = {isa = PBXFileReference; fileEncoding = 4; lastKnownFileType = sourcecode.c.objc; path = SettingsViewController.m; sourceTree = "<group>"; };
/* End PBXFileReference section */

/* Begin PBXFrameworksBuildPhase section */
		450962C219B82099008DA915 /* Frameworks */ = {
			isa = PBXFrameworksBuildPhase;
			buildActionMask = 2147483647;
			files = (
			);
			runOnlyForDeploymentPostprocessing = 0;
		};
		450962D819B82099008DA915 /* Frameworks */ = {
			isa = PBXFrameworksBuildPhase;
			buildActionMask = 2147483647;
			files = (
			);
			runOnlyForDeploymentPostprocessing = 0;
		};
/* End PBXFrameworksBuildPhase section */

/* Begin PBXGroup section */
		450962BC19B82099008DA915 = {
			isa = PBXGroup;
			children = (
				450962C719B82099008DA915 /* tip */,
				450962DE19B82099008DA915 /* tipTests */,
				450962C619B82099008DA915 /* Products */,
			);
			sourceTree = "<group>";
		};
		450962C619B82099008DA915 /* Products */ = {
			isa = PBXGroup;
			children = (
				450962C519B82099008DA915 /* tip.app */,
				450962DB19B82099008DA915 /* tipTests.xctest */,
			);
			name = Products;
			sourceTree = "<group>";
		};
		450962C719B82099008DA915 /* tip */ = {
			isa = PBXGroup;
			children = (
				450962CC19B82099008DA915 /* AppDelegate.h */,
				450962CD19B82099008DA915 /* AppDelegate.m */,
				450962CF19B82099008DA915 /* ViewController.h */,
				450962D019B82099008DA915 /* ViewController.m */,
				450962D219B82099008DA915 /* Main.storyboard */,
				450962D519B82099008DA915 /* Images.xcassets */,
				450962C819B82099008DA915 /* Supporting Files */,
				45BAD5FC19BEBF07004E07FC /* SettingsViewController.h */,
				45BAD5FD19BEBF07004E07FC /* SettingsViewController.m */,
			);
			path = tip;
			sourceTree = "<group>";
		};
		450962C819B82099008DA915 /* Supporting Files */ = {
			isa = PBXGroup;
			children = (
				450962C919B82099008DA915 /* Info.plist */,
				450962CA19B82099008DA915 /* main.m */,
			);
			name = "Supporting Files";
			sourceTree = "<group>";
		};
		450962DE19B82099008DA915 /* tipTests */ = {
			isa = PBXGroup;
			children = (
				450962E119B82099008DA915 /* tipTests.m */,
				450962DF19B82099008DA915 /* Supporting Files */,
			);
			path = tipTests;
			sourceTree = "<group>";
		};
		450962DF19B82099008DA915 /* Supporting Files */ = {
			isa = PBXGroup;
			children = (
				450962E019B82099008DA915 /* Info.plist */,
			);
			name = "Supporting Files";
			sourceTree = "<group>";
		};
/* End PBXGroup section */

/* Begin PBXNativeTarget section */
		450962C419B82099008DA915 /* tip */ = {
			isa = PBXNativeTarget;
			buildConfigurationList = 450962E519B82099008DA915 /* Build configuration list for PBXNativeTarget "tip" */;
			buildPhases = (
				450962C119B82099008DA915 /* Sources */,
				450962C219B82099008DA915 /* Frameworks */,
				450962C319B82099008DA915 /* Resources */,
			);
			buildRules = (
			);
			dependencies = (
			);
			name = tip;
			productName = tip;
			productReference = 450962C519B82099008DA915 /* tip.app */;
			productType = "com.apple.product-type.application";
		};
		450962DA19B82099008DA915 /* tipTests */ = {
			isa = PBXNativeTarget;
			buildConfigurationList = 450962E819B82099008DA915 /* Build configuration list for PBXNativeTarget "tipTests" */;
			buildPhases = (
				450962D719B82099008DA915 /* Sources */,
				450962D819B82099008DA915 /* Frameworks */,
				450962D919B82099008DA915 /* Resources */,
			);
			buildRules = (
			);
			dependencies = (
				450962DD19B82099008DA915 /* PBXTargetDependency */,
			);
			name = tipTests;
			productName = tipTests;
			productReference = 450962DB19B82099008DA915 /* tipTests.xctest */;
			productType = "com.apple.product-type.bundle.unit-test";
		};
/* End PBXNativeTarget section */

/* Begin PBXProject section */
		450962BD19B82099008DA915 /* Project object */ = {
			isa = PBXProject;
			attributes = {
				LastUpgradeCheck = 0600;
				ORGANIZATIONNAME = "Vidya Sridharan";
				TargetAttributes = {
					450962C419B82099008DA915 = {
						CreatedOnToolsVersion = 6.0;
					};
					450962DA19B82099008DA915 = {
						CreatedOnToolsVersion = 6.0;
						TestTargetID = 450962C419B82099008DA915;
					};
				};
			};
			buildConfigurationList = 450962C019B82099008DA915 /* Build configuration list for PBXProject "tip" */;
			compatibilityVersion = "Xcode 3.2";
			developmentRegion = English;
			hasScannedForEncodings = 0;
			knownRegions = (
				en,
				Base,
			);
			mainGroup = 450962BC19B82099008DA915;
			productRefGroup = 450962C619B82099008DA915 /* Products */;
			projectDirPath = "";
			projectRoot = "";
			targets = (
				450962C419B82099008DA915 /* tip */,
				450962DA19B82099008DA915 /* tipTests */,
			);
		};
/* End PBXProject section */

/* Begin PBXResourcesBuildPhase section */
		450962C319B82099008DA915 /* Resources */ = {
			isa = PBXResourcesBuildPhase;
			buildActionMask = 2147483647;
			files = (
				450962D419B82099008DA915 /* Main.storyboard in Resources */,
				450962D619B82099008DA915 /* Images.xcassets in Resources */,
			);
			runOnlyForDeploymentPostprocessing = 0;
		};
		450962D919B82099008DA915 /* Resources */ = {
			isa = PBXResourcesBuildPhase;
			buildActionMask = 2147483647;
			files = (
			);
			runOnlyForDeploymentPostprocessing = 0;
		};
/* End PBXResourcesBuildPhase section */

/* Begin PBXSourcesBuildPhase section */
		450962C119B82099008DA915 /* Sources */ = {
			isa = PBXSourcesBuildPhase;
			buildActionMask = 2147483647;
			files = (
				450962D119B82099008DA915 /* ViewController.m in Sources */,
				450962CE19B82099008DA915 /* AppDelegate.m in Sources */,
				450962CB19B82099008DA915 /* main.m in Sources */,
				45BAD5FE19BEBF07004E07FC /* SettingsViewController.m in Sources */,
			);
			runOnlyForDeploymentPostprocessing = 0;
		};
		450962D719B82099008DA915 /* Sources */ = {
			isa = PBXSourcesBuildPhase;
			buildActionMask = 2147483647;
			files = (
				450962E219B82099008DA915 /* tipTests.m in Sources */,
			);
			runOnlyForDeploymentPostprocessing = 0;
		};
/* End PBXSourcesBuildPhase section */

/* Begin PBXTargetDependency section */
		450962DD19B82099008DA915 /* PBXTargetDependency */ = {
			isa = PBXTargetDependency;
			target = 450962C419B82099008DA915 /* tip */;
			targetProxy = 450962DC19B82099008DA915 /* PBXContainerItemProxy */;
		};
/* End PBXTargetDependency section */

/* Begin PBXVariantGroup section */
		450962D219B82099008DA915 /* Main.storyboard */ = {
			isa = PBXVariantGroup;
			children = (
				450962D319B82099008DA915 /* Base */,
			);
			name = Main.storyboard;
			sourceTree = "<group>";
		};
/* End PBXVariantGroup section */

/* Begin XCBuildConfiguration section */
		450962E319B82099008DA915 /* Debug */ = {
			isa = XCBuildConfiguration;
			buildSettings = {
				ALWAYS_SEARCH_USER_PATHS = NO;
				CLANG_CXX_LANGUAGE_STANDARD = "gnu++0x";
				CLANG_CXX_LIBRARY = "libc++";
				CLANG_ENABLE_MODULES = YES;
				CLANG_ENABLE_OBJC_ARC = YES;
				CLANG_WARN_BOOL_CONVERSION = YES;
				CLANG_WARN_CONSTANT_CONVERSION = YES;
				CLANG_WARN_DIRECT_OBJC_ISA_USAGE = YES_ERROR;
				CLANG_WARN_EMPTY_BODY = YES;
				CLANG_WARN_ENUM_CONVERSION = YES;
				CLANG_WARN_INT_CONVERSION = YES;
				CLANG_WARN_OBJC_ROOT_CLASS = YES_ERROR;
				CLANG_WARN_UNREACHABLE_CODE = YES;
				CLANG_WARN__DUPLICATE_METHOD_MATCH = YES;
				"CODE_SIGN_IDENTITY[sdk=iphoneos*]" = "iPhone Developer";
				COPY_PHASE_STRIP = NO;
				ENABLE_STRICT_OBJC_MSGSEND = YES;
				GCC_C_LANGUAGE_STANDARD = gnu99;
				GCC_DYNAMIC_NO_PIC = NO;
				GCC_OPTIMIZATION_LEVEL = 0;
				GCC_PREPROCESSOR_DEFINITIONS = (
					"DEBUG=1",
					"$(inherited)",
				);
				GCC_SYMBOLS_PRIVATE_EXTERN = NO;
				GCC_WARN_64_TO_32_BIT_CONVERSION = YES;
				GCC_WARN_ABOUT_RETURN_TYPE = YES_ERROR;
				GCC_WARN_UNDECLARED_SELECTOR = YES;
				GCC_WARN_UNINITIALIZED_AUTOS = YES_AGGRESSIVE;
				GCC_WARN_UNUSED_FUNCTION = YES;
				GCC_WARN_UNUSED_VARIABLE = YES;
				IPHONEOS_DEPLOYMENT_TARGET = 7.1;
				MTL_ENABLE_DEBUG_INFO = YES;
				ONLY_ACTIVE_ARCH = YES;
				SDKROOT = iphoneos;
			};
			name = Debug;
		};
		450962E419B82099008DA915 /* Release */ = {
			isa = XCBuildConfiguration;
			buildSettings = {
				ALWAYS_SEARCH_USER_PATHS = NO;
				CLANG_CXX_LANGUAGE_STANDARD = "gnu++0x";
				CLANG_CXX_LIBRARY = "libc++";
				CLANG_ENABLE_MODULES = YES;
				CLANG_ENABLE_OBJC_ARC = YES;
				CLANG_WARN_BOOL_CONVERSION = YES;
				CLANG_WARN_CONSTANT_CONVERSION = YES;
				CLANG_WARN_DIRECT_OBJC_ISA_USAGE = YES_ERROR;
				CLANG_WARN_EMPTY_BODY = YES;
				CLANG_WARN_ENUM_CONVERSION = YES;
				CLANG_WARN_INT_CONVERSION = YES;
				CLANG_WARN_OBJC_ROOT_CLASS = YES_ERROR;
				CLANG_WARN_UNREACHABLE_CODE = YES;
				CLANG_WARN__DUPLICATE_METHOD_MATCH = YES;
				"CODE_SIGN_IDENTITY[sdk=iphoneos*]" = "iPhone Developer";
				COPY_PHASE_STRIP = YES;
				ENABLE_NS_ASSERTIONS = NO;
				ENABLE_STRICT_OBJC_MSGSEND = YES;
				GCC_C_LANGUAGE_STANDARD = gnu99;
				GCC_WARN_64_TO_32_BIT_CONVERSION = YES;
				GCC_WARN_ABOUT_RETURN_TYPE = YES_ERROR;
				GCC_WARN_UNDECLARED_SELECTOR = YES;
				GCC_WARN_UNINITIALIZED_AUTOS = YES_AGGRESSIVE;
				GCC_WARN_UNUSED_FUNCTION = YES;
				GCC_WARN_UNUSED_VARIABLE = YES;
				IPHONEOS_DEPLOYMENT_TARGET = 7.1;
				MTL_ENABLE_DEBUG_INFO = NO;
				SDKROOT = iphoneos;
				VALIDATE_PRODUCT = YES;
			};
			name = Release;
		};
		450962E619B82099008DA915 /* Debug */ = {
			isa = XCBuildConfiguration;
			buildSettings = {
				ASSETCATALOG_COMPILER_APPICON_NAME = AppIcon;
				ASSETCATALOG_COMPILER_LAUNCHIMAGE_NAME = LaunchImage;
				CLANG_ENABLE_MODULES = YES;
				INFOPLIST_FILE = tip/Info.plist;
				IPHONEOS_DEPLOYMENT_TARGET = 7.1;
				LD_RUNPATH_SEARCH_PATHS = "$(inherited) @executable_path/Frameworks";
				PRODUCT_NAME = "$(TARGET_NAME)";
				SWIFT_OBJC_BRIDGING_HEADER = "tip/tip-Bridging-Header.h";
				SWIFT_OPTIMIZATION_LEVEL = "-Onone";
				TARGETED_DEVICE_FAMILY = 1;
			};
			name = Debug;
		};
		450962E719B82099008DA915 /* Release */ = {
			isa = XCBuildConfiguration;
			buildSettings = {
				ASSETCATALOG_COMPILER_APPICON_NAME = AppIcon;
				ASSETCATALOG_COMPILER_LAUNCHIMAGE_NAME = LaunchImage;
				CLANG_ENABLE_MODULES = YES;
				INFOPLIST_FILE = tip/Info.plist;
				IPHONEOS_DEPLOYMENT_TARGET = 7.1;
				LD_RUNPATH_SEARCH_PATHS = "$(inherited) @executable_path/Frameworks";
				PRODUCT_NAME = "$(TARGET_NAME)";
				SWIFT_OBJC_BRIDGING_HEADER = "tip/tip-Bridging-Header.h";
				TARGETED_DEVICE_FAMILY = 1;
			};
			name = Release;
		};
		450962E919B82099008DA915 /* Debug */ = {
			isa = XCBuildConfiguration;
			buildSettings = {
				BUNDLE_LOADER = "$(TEST_HOST)";
				FRAMEWORK_SEARCH_PATHS = (
					"$(SDKROOT)/Developer/Library/Frameworks",
					"$(inherited)",
				);
				GCC_PREPROCESSOR_DEFINITIONS = (
					"DEBUG=1",
					"$(inherited)",
				);
				INFOPLIST_FILE = tipTests/Info.plist;
				IPHONEOS_DEPLOYMENT_TARGET = 7.1;
				LD_RUNPATH_SEARCH_PATHS = "$(inherited) @executable_path/Frameworks @loader_path/Frameworks";
				PRODUCT_NAME = "$(TARGET_NAME)";
				SDKROOT = iphoneos7.1;
				TEST_HOST = "$(BUILT_PRODUCTS_DIR)/tip.app/tip";
			};
			name = Debug;
		};
		450962EA19B82099008DA915 /* Release */ = {
			isa = XCBuildConfiguration;
			buildSettings = {
				BUNDLE_LOADER = "$(TEST_HOST)";
				FRAMEWORK_SEARCH_PATHS = (
					"$(SDKROOT)/Developer/Library/Frameworks",
					"$(inherited)",
				);
				INFOPLIST_FILE = tipTests/Info.plist;
				IPHONEOS_DEPLOYMENT_TARGET = 7.1;
				LD_RUNPATH_SEARCH_PATHS = "$(inherited) @executable_path/Frameworks @loader_path/Frameworks";
				PRODUCT_NAME = "$(TARGET_NAME)";
				SDKROOT = iphoneos7.1;
				TEST_HOST = "$(BUILT_PRODUCTS_DIR)/tip.app/tip";
			};
			name = Release;
		};
/* End XCBuildConfiguration section */

/* Begin XCConfigurationList section */
		450962C019B82099008DA915 /* Build configuration list for PBXProject "tip" */ = {
			isa = XCConfigurationList;
			buildConfigurations = (
				450962E319B82099008DA915 /* Debug */,
				450962E419B82099008DA915 /* Release */,
			);
			defaultConfigurationIsVisible = 0;
			defaultConfigurationName = Release;
		};
		450962E519B82099008DA915 /* Build configuration list for PBXNativeTarget "tip" */ = {
			isa = XCConfigurationList;
			buildConfigurations = (
				450962E619B82099008DA915 /* Debug */,
				450962E719B82099008DA915 /* Release */,
			);
			defaultConfigurationIsVisible = 0;
			defaultConfigurationName = Release;
		};
		450962E819B82099008DA915 /* Build configuration list for PBXNativeTarget "tipTests" */ = {
			isa = XCConfigurationList;
			buildConfigurations = (
				450962E919B82099008DA915 /* Debug */,
				450962EA19B82099008DA915 /* Release */,
			);
			defaultConfigurationIsVisible = 0;
			defaultConfigurationName = Release;
		};
/* End XCConfigurationList section */
	};
	rootObject = 450962BD19B82099008DA915 /* Project object */;
}
